github.com/hafiztheexplorer/Golang-Dasar-1-1-Tipe-Data v1.0.0 h1:4SJHeOqeUKcjLCc7soLsUwG30W+AM5h8YLbz8+96Jmk=
github.com/hafiztheexplorer/Golang-Dasar-1-1-Tipe-Data v1.0.0/go.mod h1:ogmdd8+m+jVCmjOTFEUQ67rXYY8z7hdZwY68aHU1vYw=
github.com/hafiztheexplorer/Golang-Dasar-1-1-Tipe-Data v1.0.1 h1:SUJQO0ZeQw+FZskiZgf5gPpUvhS3sMUDICDrl0gJuIo=
github.com/hafiztheexplorer/Golang-Dasar-1-1-Tipe-Data v1.0.1/go.mod h1:ogmdd8+m+jVCmjOTFEUQ67rXYY8z7hdZwY68aHU1vYw=
github.com/hafiztheexplorer/Golang-Dasar-1-1-Tipe-Data v1.0.2 h1:7ZyMXMr9oikhlns6OS85r1nQQeu7OFYMosJsJE4vDkc=
github.com/hafiztheexplorer/Golang-Dasar-1-1-Tipe-Data v1.0.2/go.mod h1:ogmdd8+m+jVCmjOTFEUQ67rXYY8z7hdZwY68aHU1vYw=
github.com/hafiztheexplorer/Golang-Dasar-1-1-Tipe-Data v1.0.3 h1:m26hdIIT1Wlxro8jw9Snz7/0rxeyKEg5c+Fy0ZOW/rM=
github.com/hafiztheexplorer/Golang-Dasar-1-1-Tipe-Data v1.0.3/go.mod h1:ogmdd8+m+jVCmjOTFEUQ67rXYY8z7hdZwY68aHU1vYw=
